
Microsoft Visual Studio Solution File, Format Version 12.00
# Visual Studio Version 16
VisualStudioVersion = 16.0.32106.194
MinimumVisualStudioVersion = 10.0.40219.1
Project("{FAE04EC0-301F-11D3-BF4B-00C04F79EFBC}") = "TicTacToe", "TicTacToe\TicTacToe.csproj", "{EAC98C8A-B05F-4CDD-9F42-CC1D3C25F461}"
EndProject
Global
	GlobalSection(SolutionConfigurationPlatforms) = preSolution
		Debug|Any CPU = Debug|Any CPU
		Release|Any CPU = Release|Any CPU
	EndGlobalSection
	GlobalSection(ProjectConfigurationPlatforms) = postSolution
		{EAC98C8A-B05F-4CDD-9F42-CC1D3C25F461}.Debug|Any CPU.ActiveCfg = Debug|Any CPU
		{EAC98C8A-B05F-4CDD-9F42-CC1D3C25F461}.Debug|Any CPU.Build.0 = Debug|Any CPU
		{EAC98C8A-B05F-4CDD-9F42-CC1D3C25F461}.Release|Any CPU.ActiveCfg = Release|Any CPU
		{EAC98C8A-B05F-4CDD-9F42-CC1D3C25F461}.Release|Any CPU.Build.0 = Release|Any CPU
	EndGlobalSection
	GlobalSection(SolutionProperties) = preSolution
		HideSolutionNode = FALSE
	EndGlobalSection
	GlobalSection(ExtensibilityGlobals) = postSolution
		SolutionGuid = {32B67378-BEC3-4D9A-94E9-A6DB789DFDBC}
	EndGlobalSection
EndGlobal
